Microsoft Visual Studio Solution File, Format Version 11.00
# Visual Studio 2008

Project("{04915289-165E-03D8-4BAF-9BFCF1A20CBF}") = "Uni Studio Game Developer", "Assembly-CSharp.csproj", "{98FA8E6C-8E2B-7801-BBD0-296788EA799E}"
EndProject
Global
	GlobalSection(SolutionConfigurationPlatforms) = preSolution
		Debug|Any CPU = Debug|Any CPU
		Release|Any CPU = Release|Any CPU
	EndGlobalSection
	GlobalSection(ProjectConfigurationPlatforms) = postSolution
		{98FA8E6C-8E2B-7801-BBD0-296788EA799E}.Debug|Any CPU.ActiveCfg = Debug|Any CPU
		{98FA8E6C-8E2B-7801-BBD0-296788EA799E}.Debug|Any CPU.Build.0 = Debug|Any CPU
		{98FA8E6C-8E2B-7801-BBD0-296788EA799E}.Release|Any CPU.ActiveCfg = Release|Any CPU
		{98FA8E6C-8E2B-7801-BBD0-296788EA799E}.Release|Any CPU.Build.0 = Release|Any CPU
	EndGlobalSection
	GlobalSection(SolutionProperties) = preSolution
		HideSolutionNode = FALSE
	EndGlobalSection
	GlobalSection(MonoDevelopProperties) = preSolution
		StartupItem = Assembly-CSharp.csproj
	EndGlobalSection
EndGlobal
